
Microsoft Visual Studio Solution File, Format Version 12.00
# Visual Studio Version 17
VisualStudioVersion = 17.14.36414.22
MinimumVisualStudioVersion = 10.0.40219.1
Project("{8BC9CEB8-8B4A-11D0-8D11-00A0C91BC942}") = "W2", "W2\W2.vcxproj", "{2E0FB009-24A2-45FA-A104-F0C7D030C465}"
EndProject
Project("{8BC9CEB8-8B4A-11D0-8D11-00A0C91BC942}") = "W2_Resizing", "W2_Resizing\W2_Resizing.vcxproj", "{8331F755-9AE1-4126-944C-F86832A6CF32}"
EndProject
Project("{8BC9CEB8-8B4A-11D0-8D11-00A0C91BC942}") = "W2_Rotation", "W2_Rotation\W2_Rotation.vcxproj", "{62EB6A77-5026-4FFE-A629-2DB3651C4346}"
EndProject
Project("{8BC9CEB8-8B4A-11D0-8D11-00A0C91BC942}") = "W3_EdgeDetection", "W3_EdgeDetection\W3_EdgeDetection.vcxproj", "{7C14BA1A-4C5E-4A9C-8910-57B06BE40D8E}"
EndProject
Project("{8BC9CEB8-8B4A-11D0-8D11-00A0C91BC942}") = "W3_HOG", "W3_HOG\W3_HOG.vcxproj", "{DD789234-E087-4B56-99F0-D4B8B12405D7}"
EndProject
Project("{8BC9CEB8-8B4A-11D0-8D11-00A0C91BC942}") = "W4_CornorDetection(C++)", "W4_CornorDetection\W4_CornorDetection.vcxproj", "{D754F622-4CA7-4C30-9E73-5F57278807D2}"
EndProject
Project("{8BC9CEB8-8B4A-11D0-8D11-00A0C91BC942}") = "W4_Coner", "W4_Coner\W4_Coner.vcxproj", "{E28CEA0D-BAF4-4C62-91A0-4F27279C421F}"
EndProject
Project("{8BC9CEB8-8B4A-11D0-8D11-00A0C91BC942}") = "W5_Video", "W5_Video\W5_Video.vcxproj", "{DDB2E077-C18C-4C1B-8D3F-77FB4B0B8125}"
EndProject
Project("{8BC9CEB8-8B4A-11D0-8D11-00A0C91BC942}") = "W5_FeatureExtraction", "W5_FeatureExtraction\W5_FeatureExtraction.vcxproj", "{4F3238EC-FFDB-4A2C-8391-845C1500F275}"
EndProject
Project("{8BC9CEB8-8B4A-11D0-8D11-00A0C91BC942}") = "W5_VideoEdge", "W5_VideoEdge\W5_EdgeVideo.vcxproj", "{7940EA06-EDD0-414D-BB7D-CA0539982E20}"
EndProject
Project("{8BC9CEB8-8B4A-11D0-8D11-00A0C91BC942}") = "W4_PracticalExample(Test)", "W4_PracticalExample\W4_PracticalExample.vcxproj", "{BB6274CE-CA88-4833-8EAF-242051575B07}"
EndProject
Project("{8BC9CEB8-8B4A-11D0-8D11-00A0C91BC942}") = "W4_CornorDetection(Ref)", "W4_Test\W4_Test.vcxproj", "{E7B2E413-D244-4413-9F88-5CDC82950042}"
EndProject
Project("{8BC9CEB8-8B4A-11D0-8D11-00A0C91BC942}") = "W4_Assignment3", "W4_Assignment3\W4_Assignment3.vcxproj", "{8DA71CDA-283C-40CD-A560-D4ABEDF7C554}"
EndProject
Project("{8BC9CEB8-8B4A-11D0-8D11-00A0C91BC942}") = "W7", "W7\W7.vcxproj", "{D47FFF26-BC94-485D-A830-4ABE96BDEEB1}"
EndProject
Project("{8BC9CEB8-8B4A-11D0-8D11-00A0C91BC942}") = "W9_CascadeClassifier", "W9_CascadeClassifier\W9_CascadeClassifier.vcxproj", "{A5430397-29AD-4507-9DFE-4E2CC81CA976}"
EndProject
Project("{8BC9CEB8-8B4A-11D0-8D11-00A0C91BC942}") = "W9_AdvancedImplementation", "W9_AdvancedImplementation\W9_AdvancedImplementation.vcxproj", "{AF03A4AE-EEF8-42C6-BE90-92BCB603383B}"
EndProject
Project("{8BC9CEB8-8B4A-11D0-8D11-00A0C91BC942}") = "W10_LBP", "W10_LBP\W10_LBP.vcxproj", "{4A34E18C-EB23-4D38-8AA9-FB394DB4C9E3}"
EndProject
Project("{8BC9CEB8-8B4A-11D0-8D11-00A0C91BC942}") = "W10_Assignment5", "W10_Assignment5\W10_Assignment5.vcxproj", "{5F6A8B31-9048-4E5A-B272-82EBD5D2F781}"
EndProject
Project("{8BC9CEB8-8B4A-11D0-8D11-00A0C91BC942}") = "W11_LandmarkDetection", "W11_LandmarkDetection\W11_LandmarkDetection.vcxproj", "{F6A83B73-3D54-4CE2-BFF5-774E08E42F0A}"
EndProject
Global
	GlobalSection(SolutionConfigurationPlatforms) = preSolution
		Debug|x64 = Debug|x64
		Debug|x86 = Debug|x86
		Release|x64 = Release|x64
		Release|x86 = Release|x86
	EndGlobalSection
	GlobalSection(ProjectConfigurationPlatforms) = postSolution
		{2E0FB009-24A2-45FA-A104-F0C7D030C465}.Debug|x64.ActiveCfg = Debug|x64
		{2E0FB009-24A2-45FA-A104-F0C7D030C465}.Debug|x64.Build.0 = Debug|x64
		{2E0FB009-24A2-45FA-A104-F0C7D030C465}.Debug|x86.ActiveCfg = Debug|Win32
		{2E0FB009-24A2-45FA-A104-F0C7D030C465}.Debug|x86.Build.0 = Debug|Win32
		{2E0FB009-24A2-45FA-A104-F0C7D030C465}.Release|x64.ActiveCfg = Release|x64
		{2E0FB009-24A2-45FA-A104-F0C7D030C465}.Release|x64.Build.0 = Release|x64
		{2E0FB009-24A2-45FA-A104-F0C7D030C465}.Release|x86.ActiveCfg = Release|Win32
		{2E0FB009-24A2-45FA-A104-F0C7D030C465}.Release|x86.Build.0 = Release|Win32
		{8331F755-9AE1-4126-944C-F86832A6CF32}.Debug|x64.ActiveCfg = Debug|x64
		{8331F755-9AE1-4126-944C-F86832A6CF32}.Debug|x64.Build.0 = Debug|x64
		{8331F755-9AE1-4126-944C-F86832A6CF32}.Debug|x86.ActiveCfg = Debug|Win32
		{8331F755-9AE1-4126-944C-F86832A6CF32}.Debug|x86.Build.0 = Debug|Win32
		{8331F755-9AE1-4126-944C-F86832A6CF32}.Release|x64.ActiveCfg = Release|x64
		{8331F755-9AE1-4126-944C-F86832A6CF32}.Release|x64.Build.0 = Release|x64
		{8331F755-9AE1-4126-944C-F86832A6CF32}.Release|x86.ActiveCfg = Release|Win32
		{8331F755-9AE1-4126-944C-F86832A6CF32}.Release|x86.Build.0 = Release|Win32
		{62EB6A77-5026-4FFE-A629-2DB3651C4346}.Debug|x64.ActiveCfg = Debug|x64
		{62EB6A77-5026-4FFE-A629-2DB3651C4346}.Debug|x64.Build.0 = Debug|x64
		{62EB6A77-5026-4FFE-A629-2DB3651C4346}.Debug|x86.ActiveCfg = Debug|Win32
		{62EB6A77-5026-4FFE-A629-2DB3651C4346}.Debug|x86.Build.0 = Debug|Win32
		{62EB6A77-5026-4FFE-A629-2DB3651C4346}.Release|x64.ActiveCfg = Release|x64
		{62EB6A77-5026-4FFE-A629-2DB3651C4346}.Release|x64.Build.0 = Release|x64
		{62EB6A77-5026-4FFE-A629-2DB3651C4346}.Release|x86.ActiveCfg = Release|Win32
		{62EB6A77-5026-4FFE-A629-2DB3651C4346}.Release|x86.Build.0 = Release|Win32
		{7C14BA1A-4C5E-4A9C-8910-57B06BE40D8E}.Debug|x64.ActiveCfg = Debug|x64
		{7C14BA1A-4C5E-4A9C-8910-57B06BE40D8E}.Debug|x64.Build.0 = Debug|x64
		{7C14BA1A-4C5E-4A9C-8910-57B06BE40D8E}.Debug|x86.ActiveCfg = Debug|Win32
		{7C14BA1A-4C5E-4A9C-8910-57B06BE40D8E}.Debug|x86.Build.0 = Debug|Win32
		{7C14BA1A-4C5E-4A9C-8910-57B06BE40D8E}.Release|x64.ActiveCfg = Release|x64
		{7C14BA1A-4C5E-4A9C-8910-57B06BE40D8E}.Release|x64.Build.0 = Release|x64
		{7C14BA1A-4C5E-4A9C-8910-57B06BE40D8E}.Release|x86.ActiveCfg = Release|Win32
		{7C14BA1A-4C5E-4A9C-8910-57B06BE40D8E}.Release|x86.Build.0 = Release|Win32
		{DD789234-E087-4B56-99F0-D4B8B12405D7}.Debug|x64.ActiveCfg = Debug|x64
		{DD789234-E087-4B56-99F0-D4B8B12405D7}.Debug|x64.Build.0 = Debug|x64
		{DD789234-E087-4B56-99F0-D4B8B12405D7}.Debug|x86.ActiveCfg = Debug|Win32
		{DD789234-E087-4B56-99F0-D4B8B12405D7}.Debug|x86.Build.0 = Debug|Win32
		{DD789234-E087-4B56-99F0-D4B8B12405D7}.Release|x64.ActiveCfg = Release|x64
		{DD789234-E087-4B56-99F0-D4B8B12405D7}.Release|x64.Build.0 = Release|x64
		{DD789234-E087-4B56-99F0-D4B8B12405D7}.Release|x86.ActiveCfg = Release|Win32
		{DD789234-E087-4B56-99F0-D4B8B12405D7}.Release|x86.Build.0 = Release|Win32
		{D754F622-4CA7-4C30-9E73-5F57278807D2}.Debug|x64.ActiveCfg = Debug|x64
		{D754F622-4CA7-4C30-9E73-5F57278807D2}.Debug|x64.Build.0 = Debug|x64
		{D754F622-4CA7-4C30-9E73-5F57278807D2}.Debug|x86.ActiveCfg = Debug|Win32
		{D754F622-4CA7-4C30-9E73-5F57278807D2}.Debug|x86.Build.0 = Debug|Win32
		{D754F622-4CA7-4C30-9E73-5F57278807D2}.Release|x64.ActiveCfg = Release|x64
		{D754F622-4CA7-4C30-9E73-5F57278807D2}.Release|x64.Build.0 = Release|x64
		{D754F622-4CA7-4C30-9E73-5F57278807D2}.Release|x86.ActiveCfg = Release|Win32
		{D754F622-4CA7-4C30-9E73-5F57278807D2}.Release|x86.Build.0 = Release|Win32
		{E28CEA0D-BAF4-4C62-91A0-4F27279C421F}.Debug|x64.ActiveCfg = Debug|x64
		{E28CEA0D-BAF4-4C62-91A0-4F27279C421F}.Debug|x64.Build.0 = Debug|x64
		{E28CEA0D-BAF4-4C62-91A0-4F27279C421F}.Debug|x86.ActiveCfg = Debug|Win32
		{E28CEA0D-BAF4-4C62-91A0-4F27279C421F}.Debug|x86.Build.0 = Debug|Win32
		{E28CEA0D-BAF4-4C62-91A0-4F27279C421F}.Release|x64.ActiveCfg = Release|x64
		{E28CEA0D-BAF4-4C62-91A0-4F27279C421F}.Release|x64.Build.0 = Release|x64
		{E28CEA0D-BAF4-4C62-91A0-4F27279C421F}.Release|x86.ActiveCfg = Release|Win32
		{E28CEA0D-BAF4-4C62-91A0-4F27279C421F}.Release|x86.Build.0 = Release|Win32
		{DDB2E077-C18C-4C1B-8D3F-77FB4B0B8125}.Debug|x64.ActiveCfg = Debug|x64
		{DDB2E077-C18C-4C1B-8D3F-77FB4B0B8125}.Debug|x64.Build.0 = Debug|x64
		{DDB2E077-C18C-4C1B-8D3F-77FB4B0B8125}.Debug|x86.ActiveCfg = Debug|Win32
		{DDB2E077-C18C-4C1B-8D3F-77FB4B0B8125}.Debug|x86.Build.0 = Debug|Win32
		{DDB2E077-C18C-4C1B-8D3F-77FB4B0B8125}.Release|x64.ActiveCfg = Release|x64
		{DDB2E077-C18C-4C1B-8D3F-77FB4B0B8125}.Release|x64.Build.0 = Release|x64
		{DDB2E077-C18C-4C1B-8D3F-77FB4B0B8125}.Release|x86.ActiveCfg = Release|Win32
		{DDB2E077-C18C-4C1B-8D3F-77FB4B0B8125}.Release|x86.Build.0 = Release|Win32
		{4F3238EC-FFDB-4A2C-8391-845C1500F275}.Debug|x64.ActiveCfg = Debug|x64
		{4F3238EC-FFDB-4A2C-8391-845C1500F275}.Debug|x64.Build.0 = Debug|x64
		{4F3238EC-FFDB-4A2C-8391-845C1500F275}.Debug|x86.ActiveCfg = Debug|Win32
		{4F3238EC-FFDB-4A2C-8391-845C1500F275}.Debug|x86.Build.0 = Debug|Win32
		{4F3238EC-FFDB-4A2C-8391-845C1500F275}.Release|x64.ActiveCfg = Release|x64
		{4F3238EC-FFDB-4A2C-8391-845C1500F275}.Release|x64.Build.0 = Release|x64
		{4F3238EC-FFDB-4A2C-8391-845C1500F275}.Release|x86.ActiveCfg = Release|Win32
		{4F3238EC-FFDB-4A2C-8391-845C1500F275}.Release|x86.Build.0 = Release|Win32
		{7940EA06-EDD0-414D-BB7D-CA0539982E20}.Debug|x64.ActiveCfg = Debug|x64
		{7940EA06-EDD0-414D-BB7D-CA0539982E20}.Debug|x64.Build.0 = Debug|x64
		{7940EA06-EDD0-414D-BB7D-CA0539982E20}.Debug|x86.ActiveCfg = Debug|Win32
		{7940EA06-EDD0-414D-BB7D-CA0539982E20}.Debug|x86.Build.0 = Debug|Win32
		{7940EA06-EDD0-414D-BB7D-CA0539982E20}.Release|x64.ActiveCfg = Release|x64
		{7940EA06-EDD0-414D-BB7D-CA0539982E20}.Release|x64.Build.0 = Release|x64
		{7940EA06-EDD0-414D-BB7D-CA0539982E20}.Release|x86.ActiveCfg = Release|Win32
		{7940EA06-EDD0-414D-BB7D-CA0539982E20}.Release|x86.Build.0 = Release|Win32
		{BB6274CE-CA88-4833-8EAF-242051575B07}.Debug|x64.ActiveCfg = Debug|x64
		{BB6274CE-CA88-4833-8EAF-242051575B07}.Debug|x64.Build.0 = Debug|x64
		{BB6274CE-CA88-4833-8EAF-242051575B07}.Debug|x86.ActiveCfg = Debug|Win32
		{BB6274CE-CA88-4833-8EAF-242051575B07}.Debug|x86.Build.0 = Debug|Win32
		{BB6274CE-CA88-4833-8EAF-242051575B07}.Release|x64.ActiveCfg = Release|x64
		{BB6274CE-CA88-4833-8EAF-242051575B07}.Release|x64.Build.0 = Release|x64
		{BB6274CE-CA88-4833-8EAF-242051575B07}.Release|x86.ActiveCfg = Release|Win32
		{BB6274CE-CA88-4833-8EAF-242051575B07}.Release|x86.Build.0 = Release|Win32
		{E7B2E413-D244-4413-9F88-5CDC82950042}.Debug|x64.ActiveCfg = Debug|x64
		{E7B2E413-D244-4413-9F88-5CDC82950042}.Debug|x64.Build.0 = Debug|x64
		{E7B2E413-D244-4413-9F88-5CDC82950042}.Debug|x86.ActiveCfg = Debug|Win32
		{E7B2E413-D244-4413-9F88-5CDC82950042}.Debug|x86.Build.0 = Debug|Win32
		{E7B2E413-D244-4413-9F88-5CDC82950042}.Release|x64.ActiveCfg = Release|x64
		{E7B2E413-D244-4413-9F88-5CDC82950042}.Release|x64.Build.0 = Release|x64
		{E7B2E413-D244-4413-9F88-5CDC82950042}.Release|x86.ActiveCfg = Release|Win32
		{E7B2E413-D244-4413-9F88-5CDC82950042}.Release|x86.Build.0 = Release|Win32
		{8DA71CDA-283C-40CD-A560-D4ABEDF7C554}.Debug|x64.ActiveCfg = Debug|x64
		{8DA71CDA-283C-40CD-A560-D4ABEDF7C554}.Debug|x64.Build.0 = Debug|x64
		{8DA71CDA-283C-40CD-A560-D4ABEDF7C554}.Debug|x86.ActiveCfg = Debug|Win32
		{8DA71CDA-283C-40CD-A560-D4ABEDF7C554}.Debug|x86.Build.0 = Debug|Win32
		{8DA71CDA-283C-40CD-A560-D4ABEDF7C554}.Release|x64.ActiveCfg = Release|x64
		{8DA71CDA-283C-40CD-A560-D4ABEDF7C554}.Release|x64.Build.0 = Release|x64
		{8DA71CDA-283C-40CD-A560-D4ABEDF7C554}.Release|x86.ActiveCfg = Release|Win32
		{8DA71CDA-283C-40CD-A560-D4ABEDF7C554}.Release|x86.Build.0 = Release|Win32
		{D47FFF26-BC94-485D-A830-4ABE96BDEEB1}.Debug|x64.ActiveCfg = Debug|x64
		{D47FFF26-BC94-485D-A830-4ABE96BDEEB1}.Debug|x64.Build.0 = Debug|x64
		{D47FFF26-BC94-485D-A830-4ABE96BDEEB1}.Debug|x86.ActiveCfg = Debug|Win32
		{D47FFF26-BC94-485D-A830-4ABE96BDEEB1}.Debug|x86.Build.0 = Debug|Win32
		{D47FFF26-BC94-485D-A830-4ABE96BDEEB1}.Release|x64.ActiveCfg = Release|x64
		{D47FFF26-BC94-485D-A830-4ABE96BDEEB1}.Release|x64.Build.0 = Release|x64
		{D47FFF26-BC94-485D-A830-4ABE96BDEEB1}.Release|x86.ActiveCfg = Release|Win32
		{D47FFF26-BC94-485D-A830-4ABE96BDEEB1}.Release|x86.Build.0 = Release|Win32
		{A5430397-29AD-4507-9DFE-4E2CC81CA976}.Debug|x64.ActiveCfg = Debug|x64
		{A5430397-29AD-4507-9DFE-4E2CC81CA976}.Debug|x64.Build.0 = Debug|x64
		{A5430397-29AD-4507-9DFE-4E2CC81CA976}.Debug|x86.ActiveCfg = Debug|Win32
		{A5430397-29AD-4507-9DFE-4E2CC81CA976}.Debug|x86.Build.0 = Debug|Win32
		{A5430397-29AD-4507-9DFE-4E2CC81CA976}.Release|x64.ActiveCfg = Release|x64
		{A5430397-29AD-4507-9DFE-4E2CC81CA976}.Release|x64.Build.0 = Release|x64
		{A5430397-29AD-4507-9DFE-4E2CC81CA976}.Release|x86.ActiveCfg = Release|Win32
		{A5430397-29AD-4507-9DFE-4E2CC81CA976}.Release|x86.Build.0 = Release|Win32
		{AF03A4AE-EEF8-42C6-BE90-92BCB603383B}.Debug|x64.ActiveCfg = Debug|x64
		{AF03A4AE-EEF8-42C6-BE90-92BCB603383B}.Debug|x64.Build.0 = Debug|x64
		{AF03A4AE-EEF8-42C6-BE90-92BCB603383B}.Debug|x86.ActiveCfg = Debug|Win32
		{AF03A4AE-EEF8-42C6-BE90-92BCB603383B}.Debug|x86.Build.0 = Debug|Win32
		{AF03A4AE-EEF8-42C6-BE90-92BCB603383B}.Release|x64.ActiveCfg = Release|x64
		{AF03A4AE-EEF8-42C6-BE90-92BCB603383B}.Release|x64.Build.0 = Release|x64
		{AF03A4AE-EEF8-42C6-BE90-92BCB603383B}.Release|x86.ActiveCfg = Release|Win32
		{AF03A4AE-EEF8-42C6-BE90-92BCB603383B}.Release|x86.Build.0 = Release|Win32
		{4A34E18C-EB23-4D38-8AA9-FB394DB4C9E3}.Debug|x64.ActiveCfg = Debug|x64
		{4A34E18C-EB23-4D38-8AA9-FB394DB4C9E3}.Debug|x64.Build.0 = Debug|x64
		{4A34E18C-EB23-4D38-8AA9-FB394DB4C9E3}.Debug|x86.ActiveCfg = Debug|Win32
		{4A34E18C-EB23-4D38-8AA9-FB394DB4C9E3}.Debug|x86.Build.0 = Debug|Win32
		{4A34E18C-EB23-4D38-8AA9-FB394DB4C9E3}.Release|x64.ActiveCfg = Release|x64
		{4A34E18C-EB23-4D38-8AA9-FB394DB4C9E3}.Release|x64.Build.0 = Release|x64
		{4A34E18C-EB23-4D38-8AA9-FB394DB4C9E3}.Release|x86.ActiveCfg = Release|Win32
		{4A34E18C-EB23-4D38-8AA9-FB394DB4C9E3}.Release|x86.Build.0 = Release|Win32
		{5F6A8B31-9048-4E5A-B272-82EBD5D2F781}.Debug|x64.ActiveCfg = Debug|x64
		{5F6A8B31-9048-4E5A-B272-82EBD5D2F781}.Debug|x64.Build.0 = Debug|x64
		{5F6A8B31-9048-4E5A-B272-82EBD5D2F781}.Debug|x86.ActiveCfg = Debug|Win32
		{5F6A8B31-9048-4E5A-B272-82EBD5D2F781}.Debug|x86.Build.0 = Debug|Win32
		{5F6A8B31-9048-4E5A-B272-82EBD5D2F781}.Release|x64.ActiveCfg = Release|x64
		{5F6A8B31-9048-4E5A-B272-82EBD5D2F781}.Release|x64.Build.0 = Release|x64
		{5F6A8B31-9048-4E5A-B272-82EBD5D2F781}.Release|x86.ActiveCfg = Release|Win32
		{5F6A8B31-9048-4E5A-B272-82EBD5D2F781}.Release|x86.Build.0 = Release|Win32
		{F6A83B73-3D54-4CE2-BFF5-774E08E42F0A}.Debug|x64.ActiveCfg = Debug|x64
		{F6A83B73-3D54-4CE2-BFF5-774E08E42F0A}.Debug|x64.Build.0 = Debug|x64
		{F6A83B73-3D54-4CE2-BFF5-774E08E42F0A}.Debug|x86.ActiveCfg = Debug|Win32
		{F6A83B73-3D54-4CE2-BFF5-774E08E42F0A}.Debug|x86.Build.0 = Debug|Win32
		{F6A83B73-3D54-4CE2-BFF5-774E08E42F0A}.Release|x64.ActiveCfg = Release|x64
		{F6A83B73-3D54-4CE2-BFF5-774E08E42F0A}.Release|x64.Build.0 = Release|x64
		{F6A83B73-3D54-4CE2-BFF5-774E08E42F0A}.Release|x86.ActiveCfg = Release|Win32
		{F6A83B73-3D54-4CE2-BFF5-774E08E42F0A}.Release|x86.Build.0 = Release|Win32
	EndGlobalSection
	GlobalSection(SolutionProperties) = preSolution
		HideSolutionNode = FALSE
	EndGlobalSection
	GlobalSection(ExtensibilityGlobals) = postSolution
		SolutionGuid = {822DD23D-5AB7-43EF-8841-F8AFB053DAA8}
	EndGlobalSection
EndGlobal
